
Microsoft Visual Studio Solution File, Format Version 12.00
# Visual Studio Version 17
VisualStudioVersion = 17.2.32630.192
MinimumVisualStudioVersion = 10.0.40219.1
Project("{FAE04EC0-301F-11D3-BF4B-00C04F79EFBC}") = "API", "API\API.csproj", "{D713054C-5476-45FE-A98D-623F586281C1}"
EndProject
Global
	GlobalSection(SolutionConfigurationPlatforms) = preSolution
		Debug|Any CPU = Debug|Any CPU
		Release|Any CPU = Release|Any CPU
	EndGlobalSection
	GlobalSection(ProjectConfigurationPlatforms) = postSolution
		{D713054C-5476-45FE-A98D-623F586281C1}.Debug|Any CPU.ActiveCfg = Debug|Any CPU
		{D713054C-5476-45FE-A98D-623F586281C1}.Debug|Any CPU.Build.0 = Debug|Any CPU
		{D713054C-5476-45FE-A98D-623F586281C1}.Release|Any CPU.ActiveCfg = Release|Any CPU
		{D713054C-5476-45FE-A98D-623F586281C1}.Release|Any CPU.Build.0 = Release|Any CPU
	EndGlobalSection
	GlobalSection(SolutionProperties) = preSolution
		HideSolutionNode = FALSE
	EndGlobalSection
	GlobalSection(ExtensibilityGlobals) = postSolution
		SolutionGuid = {0B86A60B-3C2B-4466-A3A6-5C6A0B526DB4}
	EndGlobalSection
EndGlobal
